
Microsoft Visual Studio Solution File, Format Version 12.00
# Visual Studio 15
VisualStudioVersion = 15.0.27130.2010
MinimumVisualStudioVersion = 10.0.40219.1
Project("{9A19103F-16F7-4668-BE54-9A1E7A4F7556}") = "NameSearch.Models", "NameSearch.Models\NameSearch.Models.csproj", "{E58E0043-CA67-45F8-94C4-F4680EEA3D7B}"
EndProject
Project("{9A19103F-16F7-4668-BE54-9A1E7A4F7556}") = "NameSearch.Repository", "NameSearch.Repository\NameSearch.Repository.csproj", "{8CD3F7D4-4C97-4203-8028-89A1D2FF6D18}"
EndProject
Project("{9A19103F-16F7-4668-BE54-9A1E7A4F7556}") = "NameSearch.Api", "NameSearch.Api\NameSearch.Api.csproj", "{8ABF6966-335A-4F83-8BF7-BEE0941D9816}"
EndProject
Project("{9A19103F-16F7-4668-BE54-9A1E7A4F7556}") = "NameSearch.Context", "NameSearch.Context\NameSearch.Context.csproj", "{9340D721-6497-4C8C-B445-424D10ECDBBA}"
EndProject
Project("{9A19103F-16F7-4668-BE54-9A1E7A4F7556}") = "NameSearch.Repository.Tests", "NameSearch.Repository.Tests\NameSearch.Repository.Tests.csproj", "{8CB68F0E-1FBD-412E-BAFB-D538A1993FFE}"
EndProject
Project("{9A19103F-16F7-4668-BE54-9A1E7A4F7556}") = "NameSearch.Api.Tests", "NameSearch.Api.Tests\NameSearch.Api.Tests.csproj", "{1A565E6F-84CA-44A8-B5B0-30D7EE219D63}"
EndProject
Project("{9A19103F-16F7-4668-BE54-9A1E7A4F7556}") = "HttpClient.Factory", "HttpClient.Factory\HttpClient.Factory.csproj", "{6A7BD8AE-A1C4-4561-B297-C7B575745E24}"
EndProject
Project("{9A19103F-16F7-4668-BE54-9A1E7A4F7556}") = "NameSearch.Utility", "NameSearch.Utility\NameSearch.Utility.csproj", "{65F97F3B-E13D-49A2-AC3D-E056E824F9FB}"
EndProject
Project("{9A19103F-16F7-4668-BE54-9A1E7A4F7556}") = "NameSearch.App.Tests", "NameSearch.App.Tests\NameSearch.App.Tests.csproj", "{835592C8-BA16-4E6A-8472-86C3CCCFAF5E}"
EndProject
Project("{2150E333-8FDC-42A3-9474-1A3956D46DE8}") = "Tests", "Tests", "{71F2E30C-2494-4AE3-8CC2-2D6F5E0A7DE6}"
EndProject
Project("{2150E333-8FDC-42A3-9474-1A3956D46DE8}") = "Utility", "Utility", "{6466F19D-D528-433B-AFB8-E5808022DABA}"
EndProject
Project("{2150E333-8FDC-42A3-9474-1A3956D46DE8}") = "Data", "Data", "{539433BF-F793-4CB4-BF94-2B81E88EA6E2}"
EndProject
Project("{2150E333-8FDC-42A3-9474-1A3956D46DE8}") = "Integration", "Integration", "{AE49AD19-3E5E-4E2F-804B-25CAE747E286}"
EndProject
Project("{2150E333-8FDC-42A3-9474-1A3956D46DE8}") = "App", "App", "{909F8A8B-D2B7-440B-A223-CB5C761CBD37}"
EndProject
Project("{9A19103F-16F7-4668-BE54-9A1E7A4F7556}") = "NameSearch.App", "NameSearch.App\NameSearch.App.csproj", "{04C273E4-D379-4801-B3A4-7FC3E3E8D336}"
EndProject
Global
	GlobalSection(SolutionConfigurationPlatforms) = preSolution
		Debug|Any CPU = Debug|Any CPU
		Release|Any CPU = Release|Any CPU
	EndGlobalSection
	GlobalSection(ProjectConfigurationPlatforms) = postSolution
		{E58E0043-CA67-45F8-94C4-F4680EEA3D7B}.Debug|Any CPU.ActiveCfg = Debug|Any CPU
		{E58E0043-CA67-45F8-94C4-F4680EEA3D7B}.Debug|Any CPU.Build.0 = Debug|Any CPU
		{E58E0043-CA67-45F8-94C4-F4680EEA3D7B}.Release|Any CPU.ActiveCfg = Release|Any CPU
		{E58E0043-CA67-45F8-94C4-F4680EEA3D7B}.Release|Any CPU.Build.0 = Release|Any CPU
		{8CD3F7D4-4C97-4203-8028-89A1D2FF6D18}.Debug|Any CPU.ActiveCfg = Debug|Any CPU
		{8CD3F7D4-4C97-4203-8028-89A1D2FF6D18}.Debug|Any CPU.Build.0 = Debug|Any CPU
		{8CD3F7D4-4C97-4203-8028-89A1D2FF6D18}.Release|Any CPU.ActiveCfg = Release|Any CPU
		{8CD3F7D4-4C97-4203-8028-89A1D2FF6D18}.Release|Any CPU.Build.0 = Release|Any CPU
		{8ABF6966-335A-4F83-8BF7-BEE0941D9816}.Debug|Any CPU.ActiveCfg = Debug|Any CPU
		{8ABF6966-335A-4F83-8BF7-BEE0941D9816}.Debug|Any CPU.Build.0 = Debug|Any CPU
		{8ABF6966-335A-4F83-8BF7-BEE0941D9816}.Release|Any CPU.ActiveCfg = Release|Any CPU
		{8ABF6966-335A-4F83-8BF7-BEE0941D9816}.Release|Any CPU.Build.0 = Release|Any CPU
		{9340D721-6497-4C8C-B445-424D10ECDBBA}.Debug|Any CPU.ActiveCfg = Debug|Any CPU
		{9340D721-6497-4C8C-B445-424D10ECDBBA}.Debug|Any CPU.Build.0 = Debug|Any CPU
		{9340D721-6497-4C8C-B445-424D10ECDBBA}.Release|Any CPU.ActiveCfg = Release|Any CPU
		{9340D721-6497-4C8C-B445-424D10ECDBBA}.Release|Any CPU.Build.0 = Release|Any CPU
		{8CB68F0E-1FBD-412E-BAFB-D538A1993FFE}.Debug|Any CPU.ActiveCfg = Debug|Any CPU
		{8CB68F0E-1FBD-412E-BAFB-D538A1993FFE}.Debug|Any CPU.Build.0 = Debug|Any CPU
		{8CB68F0E-1FBD-412E-BAFB-D538A1993FFE}.Release|Any CPU.ActiveCfg = Release|Any CPU
		{8CB68F0E-1FBD-412E-BAFB-D538A1993FFE}.Release|Any CPU.Build.0 = Release|Any CPU
		{1A565E6F-84CA-44A8-B5B0-30D7EE219D63}.Debug|Any CPU.ActiveCfg = Debug|Any CPU
		{1A565E6F-84CA-44A8-B5B0-30D7EE219D63}.Debug|Any CPU.Build.0 = Debug|Any CPU
		{1A565E6F-84CA-44A8-B5B0-30D7EE219D63}.Release|Any CPU.ActiveCfg = Release|Any CPU
		{1A565E6F-84CA-44A8-B5B0-30D7EE219D63}.Release|Any CPU.Build.0 = Release|Any CPU
		{6A7BD8AE-A1C4-4561-B297-C7B575745E24}.Debug|Any CPU.ActiveCfg = Debug|Any CPU
		{6A7BD8AE-A1C4-4561-B297-C7B575745E24}.Debug|Any CPU.Build.0 = Debug|Any CPU
		{6A7BD8AE-A1C4-4561-B297-C7B575745E24}.Release|Any CPU.ActiveCfg = Release|Any CPU
		{6A7BD8AE-A1C4-4561-B297-C7B575745E24}.Release|Any CPU.Build.0 = Release|Any CPU
		{65F97F3B-E13D-49A2-AC3D-E056E824F9FB}.Debug|Any CPU.ActiveCfg = Debug|Any CPU
		{65F97F3B-E13D-49A2-AC3D-E056E824F9FB}.Debug|Any CPU.Build.0 = Debug|Any CPU
		{65F97F3B-E13D-49A2-AC3D-E056E824F9FB}.Release|Any CPU.ActiveCfg = Release|Any CPU
		{65F97F3B-E13D-49A2-AC3D-E056E824F9FB}.Release|Any CPU.Build.0 = Release|Any CPU
		{835592C8-BA16-4E6A-8472-86C3CCCFAF5E}.Debug|Any CPU.ActiveCfg = Debug|Any CPU
		{835592C8-BA16-4E6A-8472-86C3CCCFAF5E}.Debug|Any CPU.Build.0 = Debug|Any CPU
		{835592C8-BA16-4E6A-8472-86C3CCCFAF5E}.Release|Any CPU.ActiveCfg = Release|Any CPU
		{835592C8-BA16-4E6A-8472-86C3CCCFAF5E}.Release|Any CPU.Build.0 = Release|Any CPU
		{04C273E4-D379-4801-B3A4-7FC3E3E8D336}.Debug|Any CPU.ActiveCfg = Debug|Any CPU
		{04C273E4-D379-4801-B3A4-7FC3E3E8D336}.Debug|Any CPU.Build.0 = Debug|Any CPU
		{04C273E4-D379-4801-B3A4-7FC3E3E8D336}.Release|Any CPU.ActiveCfg = Release|Any CPU
		{04C273E4-D379-4801-B3A4-7FC3E3E8D336}.Release|Any CPU.Build.0 = Release|Any CPU
	EndGlobalSection
	GlobalSection(SolutionProperties) = preSolution
		HideSolutionNode = FALSE
	EndGlobalSection
	GlobalSection(NestedProjects) = preSolution
		{E58E0043-CA67-45F8-94C4-F4680EEA3D7B} = {539433BF-F793-4CB4-BF94-2B81E88EA6E2}
		{8CD3F7D4-4C97-4203-8028-89A1D2FF6D18} = {539433BF-F793-4CB4-BF94-2B81E88EA6E2}
		{8ABF6966-335A-4F83-8BF7-BEE0941D9816} = {AE49AD19-3E5E-4E2F-804B-25CAE747E286}
		{9340D721-6497-4C8C-B445-424D10ECDBBA} = {539433BF-F793-4CB4-BF94-2B81E88EA6E2}
		{8CB68F0E-1FBD-412E-BAFB-D538A1993FFE} = {71F2E30C-2494-4AE3-8CC2-2D6F5E0A7DE6}
		{1A565E6F-84CA-44A8-B5B0-30D7EE219D63} = {71F2E30C-2494-4AE3-8CC2-2D6F5E0A7DE6}
		{6A7BD8AE-A1C4-4561-B297-C7B575745E24} = {6466F19D-D528-433B-AFB8-E5808022DABA}
		{65F97F3B-E13D-49A2-AC3D-E056E824F9FB} = {6466F19D-D528-433B-AFB8-E5808022DABA}
		{835592C8-BA16-4E6A-8472-86C3CCCFAF5E} = {71F2E30C-2494-4AE3-8CC2-2D6F5E0A7DE6}
		{04C273E4-D379-4801-B3A4-7FC3E3E8D336} = {909F8A8B-D2B7-440B-A223-CB5C761CBD37}
	EndGlobalSection
	GlobalSection(ExtensibilityGlobals) = postSolution
		SolutionGuid = {9AE966E6-DFC3-4290-B25E-6CEA7DCB8EDB}
	EndGlobalSection
EndGlobal
